#include <iostream>
#include <vector>
using namespace std;

struct Student {
    string emri;
    string mbiemri;
    int id;
    float nota;
};
void shfaqStudentet(const vector<Student>& studentet) {
	if (studentet.empty()) {
		cout << "Nuk ka studente te regjistruar.\n";

		return;
	}

	cout << "\n---Lista e Studenteve---\n";
	for (const auto& s : studentet) {
		cout << "Emri: " << s.emri
			<< ", Mbiemri: " << s.mbiemri
			<< ", ID: " << s.id
			<< ", Nota: " << s.nota << endl;
	}
}




void kerkoSipasEmrit(const vector<Student>& studentet) {
    string emriKerkim;
    cout << "Shkruaj emrin e studentit: ";
    cin >> emriKerkim;

    bool uGjet = false;
    for (const auto& s : studentet) {
        if (s.emri == emriKerkim) {
            cout << "\n Studenti u gjet:\n";
            cout << "Emri: " << s.emri
                << ", Mbiemri: " << s.mbiemri
                << ", ID: " << s.id
                << ", Nota: " << s.nota << endl;
            uGjet = true;
        }
    }

    if (!uGjet) {
        cout << " Nuk u gjet asnje student me kete emer.\n";
    }
}
 void fshiStudent(vector<Student>^&studentet){
int id;
cout << "Shkruaj ID e studentit per fshirje: ";
cin >> id;

for(int i = 0; i < stdentet.size(); i++){
	if(studentet[i].id == id){
		studentet.erase(studentet.begin() + i);
		cout << "Studenti u fshi me sukses. \n";
	return;
	}
}

cout << "Studenti me ket ID nuk egziston. \n";
}

int main() {
    vector<Student> studentet;
    int zgjedhja;

    do {
        cout << "\n====== MENU ======\n";
        cout << "1. Shto student\n";
        cout << "2. Shfaq studentet\n";
        cout << "3. Kerko sipas emrit\n";
        cout << "4. Fshi student\n";
        cout << "0. Dil\n";
        cout << "Zgjedhja: ";
        cin >> zgjedhja;

        if (zgjedhja == 1) {
            Student s;
            cout << "Emri: ";
            cin >> s.emri;
            cout << "Mbiemri: ";
            cin >> s.mbiemri;
            cout << "ID: ";
            cin >> s.id;
            cout << "Nota: ";
            cin >> s.nota;
            studentet.push_back(s);
        }
        else if (zgjedhja == 2) {
            shfaqStudentet(studentet);
        }
        else if (zgjedhja == 3) {
            kerkoSipasEmrit(studentet);
        }
        else if (zgjedhja == 4) {
            fshiStudent(studentet);
        }
        
    } while (zgjedhja != 0);

    return 0;
}





