#include <iostream>
#include <vector>
using namespace std;

struct Student {
    string emri;
    string mbiemri;
    int id;
    float nota;
};
void shfaqStudentet(const vector<Student>& studentet) {
	if (studentet.empty()) {
		cout << "Nuk ka studente te regjistruar.\n";

		return;
	}

	cout << "\n---Lista e Studenteve---\n";
	for (const auto& s : studentet) {
		cout << "Emri: " << s.emri
			<< ", Mbiemri: " << s.mbiemri
			<< ", ID: " << s.id
			<< ", Nota: " << s.nota << endl;
	}
}

void kerkoSipasEmrit(const vector<Student>& studentet) {
    string emriKerkim;
    cout << "Shkruaj emrin e studentit: ";
    cin >> emriKerkim;

    bool uGjet = false;
    for (const auto& s : studentet) {
        if (s.emri == emriKerkim) {
            cout << "\n📢 Studenti u gjet:\n";
            cout << "Emri: " << s.emri
                << ", Mbiemri: " << s.mbiemri
                << ", ID: " << s.id
                << ", Nota: " << s.nota << endl;
            uGjet = true;
        }
    }

    if (!uGjet) {
        cout << "❌ Nuk u gjet asnje student me kete emer.\n";
    }
}

